
Microsoft Visual Studio Solution File, Format Version 12.00
# Visual Studio 15
VisualStudioVersion = 15.0.27428.2015
MinimumVisualStudioVersion = 10.0.40219.1
Project("{9A19103F-16F7-4668-BE54-9A1E7A4F7556}") = "ConsoleApp1", "ConsoleApp1\ConsoleApp1.csproj", "{3968640C-316B-4648-A43D-8CC082E42261}"
EndProject
Project("{9A19103F-16F7-4668-BE54-9A1E7A4F7556}") = "Core", "Core\Core.csproj", "{04A059C4-6A43-407A-B295-DE0C9ABF1FCC}"
EndProject
Project("{FAE04EC0-301F-11D3-BF4B-00C04F79EFBC}") = "Infrastructure", "Infrastructure\Infrastructure.csproj", "{2707EC66-1382-4DBF-B9C2-E7722E049898}"
EndProject
Global
	GlobalSection(SolutionConfigurationPlatforms) = preSolution
		Debug|Any CPU = Debug|Any CPU
		Release|Any CPU = Release|Any CPU
	EndGlobalSection
	GlobalSection(ProjectConfigurationPlatforms) = postSolution
		{3968640C-316B-4648-A43D-8CC082E42261}.Debug|Any CPU.ActiveCfg = Debug|Any CPU
		{3968640C-316B-4648-A43D-8CC082E42261}.Debug|Any CPU.Build.0 = Debug|Any CPU
		{3968640C-316B-4648-A43D-8CC082E42261}.Release|Any CPU.ActiveCfg = Release|Any CPU
		{3968640C-316B-4648-A43D-8CC082E42261}.Release|Any CPU.Build.0 = Release|Any CPU
		{04A059C4-6A43-407A-B295-DE0C9ABF1FCC}.Debug|Any CPU.ActiveCfg = Debug|Any CPU
		{04A059C4-6A43-407A-B295-DE0C9ABF1FCC}.Debug|Any CPU.Build.0 = Debug|Any CPU
		{04A059C4-6A43-407A-B295-DE0C9ABF1FCC}.Release|Any CPU.ActiveCfg = Release|Any CPU
		{04A059C4-6A43-407A-B295-DE0C9ABF1FCC}.Release|Any CPU.Build.0 = Release|Any CPU
		{2707EC66-1382-4DBF-B9C2-E7722E049898}.Debug|Any CPU.ActiveCfg = Debug|Any CPU
		{2707EC66-1382-4DBF-B9C2-E7722E049898}.Debug|Any CPU.Build.0 = Debug|Any CPU
		{2707EC66-1382-4DBF-B9C2-E7722E049898}.Release|Any CPU.ActiveCfg = Release|Any CPU
		{2707EC66-1382-4DBF-B9C2-E7722E049898}.Release|Any CPU.Build.0 = Release|Any CPU
	EndGlobalSection
	GlobalSection(SolutionProperties) = preSolution
		HideSolutionNode = FALSE
	EndGlobalSection
	GlobalSection(ExtensibilityGlobals) = postSolution
		SolutionGuid = {E905CFAB-A6BB-4DB1-994B-C2E5157D3306}
	EndGlobalSection
EndGlobal
